{
  "name": "sanbbdom-test",
  "version": "1.0.0",
  "lockfileVersion": 1,
  "requires": true,
  "dependencies": {
    "snabbdom": {
      "version": "1.0.1",
      "resolved": "https://registry.npmjs.org/snabbdom/-/snabbdom-1.0.1.tgz",
      "integrity": "sha512-0IN32ASHP32FUqIHERW2sS5EPX58NmYPa2bQVGRw9WdSL4t70hhgZ2jqMgtupaqdV3upBMMLfO003IqrDZ99nw=="
    }
  }
}
